
Microsoft Visual Studio Solution File, Format Version 12.00
# Visual Studio Version 16
VisualStudioVersion = 16.0.29905.134
MinimumVisualStudioVersion = 10.0.40219.1
Project("{FAE04EC0-301F-11D3-BF4B-00C04F79EFBC}") = "work9.1", "work9.1\work9.1.csproj", "{1D5773DD-FBF1-4DF9-9946-BE13DEE4900E}"
EndProject
Global
	GlobalSection(SolutionConfigurationPlatforms) = preSolution
		Debug|Any CPU = Debug|Any CPU
		Release|Any CPU = Release|Any CPU
	EndGlobalSection
	GlobalSection(ProjectConfigurationPlatforms) = postSolution
		{1D5773DD-FBF1-4DF9-9946-BE13DEE4900E}.Debug|Any CPU.ActiveCfg = Debug|Any CPU
		{1D5773DD-FBF1-4DF9-9946-BE13DEE4900E}.Debug|Any CPU.Build.0 = Debug|Any CPU
		{1D5773DD-FBF1-4DF9-9946-BE13DEE4900E}.Release|Any CPU.ActiveCfg = Release|Any CPU
		{1D5773DD-FBF1-4DF9-9946-BE13DEE4900E}.Release|Any CPU.Build.0 = Release|Any CPU
	EndGlobalSection
	GlobalSection(SolutionProperties) = preSolution
		HideSolutionNode = FALSE
	EndGlobalSection
	GlobalSection(ExtensibilityGlobals) = postSolution
		SolutionGuid = {B3A840FC-FB4F-4F10-97CD-56068DC1B876}
	EndGlobalSection
EndGlobal
