
Microsoft Visual Studio Solution File, Format Version 12.00
# Visual Studio Version 16
VisualStudioVersion = 16.0.29905.134
MinimumVisualStudioVersion = 10.0.40219.1
Project("{FAE04EC0-301F-11D3-BF4B-00C04F79EFBC}") = "work6.1", "work6.1\work6.1.csproj", "{B796F648-3F77-4373-9154-0EFA20C14531}"
EndProject
Project("{FAE04EC0-301F-11D3-BF4B-00C04F79EFBC}") = "work6.1Tests", "work6.1Tests\work6.1Tests.csproj", "{F50693B6-D7B4-4CBD-8D86-3AD411609A8A}"
EndProject
Project("{FAE04EC0-301F-11D3-BF4B-00C04F79EFBC}") = "OrderServiceWinForm", "OrderServiceWinForm\OrderServiceWinForm.csproj", "{CA384747-6032-4295-AD19-A08D913196FA}"
EndProject
Global
	GlobalSection(SolutionConfigurationPlatforms) = preSolution
		Debug|Any CPU = Debug|Any CPU
		Release|Any CPU = Release|Any CPU
	EndGlobalSection
	GlobalSection(ProjectConfigurationPlatforms) = postSolution
		{B796F648-3F77-4373-9154-0EFA20C14531}.Debug|Any CPU.ActiveCfg = Debug|Any CPU
		{B796F648-3F77-4373-9154-0EFA20C14531}.Debug|Any CPU.Build.0 = Debug|Any CPU
		{B796F648-3F77-4373-9154-0EFA20C14531}.Release|Any CPU.ActiveCfg = Release|Any CPU
		{B796F648-3F77-4373-9154-0EFA20C14531}.Release|Any CPU.Build.0 = Release|Any CPU
		{F50693B6-D7B4-4CBD-8D86-3AD411609A8A}.Debug|Any CPU.ActiveCfg = Debug|Any CPU
		{F50693B6-D7B4-4CBD-8D86-3AD411609A8A}.Debug|Any CPU.Build.0 = Debug|Any CPU
		{F50693B6-D7B4-4CBD-8D86-3AD411609A8A}.Release|Any CPU.ActiveCfg = Release|Any CPU
		{F50693B6-D7B4-4CBD-8D86-3AD411609A8A}.Release|Any CPU.Build.0 = Release|Any CPU
		{CA384747-6032-4295-AD19-A08D913196FA}.Debug|Any CPU.ActiveCfg = Debug|Any CPU
		{CA384747-6032-4295-AD19-A08D913196FA}.Debug|Any CPU.Build.0 = Debug|Any CPU
		{CA384747-6032-4295-AD19-A08D913196FA}.Release|Any CPU.ActiveCfg = Release|Any CPU
		{CA384747-6032-4295-AD19-A08D913196FA}.Release|Any CPU.Build.0 = Release|Any CPU
	EndGlobalSection
	GlobalSection(SolutionProperties) = preSolution
		HideSolutionNode = FALSE
	EndGlobalSection
	GlobalSection(ExtensibilityGlobals) = postSolution
		SolutionGuid = {16192E62-50A5-4442-A865-B1CDAA1FA99B}
	EndGlobalSection
EndGlobal
