
Microsoft Visual Studio Solution File, Format Version 12.00
# Visual Studio Version 16
VisualStudioVersion = 16.0.29905.134
MinimumVisualStudioVersion = 10.0.40219.1
Project("{FAE04EC0-301F-11D3-BF4B-00C04F79EFBC}") = "project5.1", "project5.1\project5.1.csproj", "{75D19AAF-232E-4C9B-90C8-E7CB38A669DE}"
EndProject
Global
	GlobalSection(SolutionConfigurationPlatforms) = preSolution
		Debug|Any CPU = Debug|Any CPU
		Release|Any CPU = Release|Any CPU
	EndGlobalSection
	GlobalSection(ProjectConfigurationPlatforms) = postSolution
		{75D19AAF-232E-4C9B-90C8-E7CB38A669DE}.Debug|Any CPU.ActiveCfg = Debug|Any CPU
		{75D19AAF-232E-4C9B-90C8-E7CB38A669DE}.Debug|Any CPU.Build.0 = Debug|Any CPU
		{75D19AAF-232E-4C9B-90C8-E7CB38A669DE}.Release|Any CPU.ActiveCfg = Release|Any CPU
		{75D19AAF-232E-4C9B-90C8-E7CB38A669DE}.Release|Any CPU.Build.0 = Release|Any CPU
	EndGlobalSection
	GlobalSection(SolutionProperties) = preSolution
		HideSolutionNode = FALSE
	EndGlobalSection
	GlobalSection(ExtensibilityGlobals) = postSolution
		SolutionGuid = {0D5E6F76-1FC9-4FAC-8B00-E0916A7FB0C0}
	EndGlobalSection
EndGlobal
